
Microsoft Visual Studio Solution File, Format Version 12.00
# Visual Studio 2012
Project("{FAE04EC0-301F-11D3-BF4B-00C04F79EFBC}") = "ComPromPlusAplikacija", "ComPromPlusAplikacija\ComPromPlusAplikacija.csproj", "{4DE318E4-05CC-4DAB-ABF7-A91D0F63110B}"
EndProject
Global
	GlobalSection(SolutionConfigurationPlatforms) = preSolution
		Debug|Any CPU = Debug|Any CPU
		Release|Any CPU = Release|Any CPU
	EndGlobalSection
	GlobalSection(ProjectConfigurationPlatforms) = postSolution
		{4DE318E4-05CC-4DAB-ABF7-A91D0F63110B}.Debug|Any CPU.ActiveCfg = Debug|Any CPU
		{4DE318E4-05CC-4DAB-ABF7-A91D0F63110B}.Debug|Any CPU.Build.0 = Debug|Any CPU
		{4DE318E4-05CC-4DAB-ABF7-A91D0F63110B}.Release|Any CPU.ActiveCfg = Release|Any CPU
		{4DE318E4-05CC-4DAB-ABF7-A91D0F63110B}.Release|Any CPU.Build.0 = Release|Any CPU
	EndGlobalSection
	GlobalSection(SolutionProperties) = preSolution
		HideSolutionNode = FALSE
	EndGlobalSection
EndGlobal
